// !$*UTF8*$!
{
	archiveVersion = 1;
	classes = {
	};
	objectVersion = 56;
	objects = {

/* Begin PBXBuildFile section */
		44C42F4F2C1CC7FF00754E3C /* SwiftUIAssignmentApp.swift in Sources */ = {isa = PBXBuildFile; fileRef = 44C42F4E2C1CC7FF00754E3C /* SwiftUIAssignmentApp.swift */; };
		44C42F532C1CC80300754E3C /* Assets.xcassets in Resources */ = {isa = PBXBuildFile; fileRef = 44C42F522C1CC80300754E3C /* Assets.xcassets */; };
		44C42F562C1CC80300754E3C /* Preview Assets.xcassets in Resources */ = {isa = PBXBuildFile; fileRef = 44C42F552C1CC80300754E3C /* Preview Assets.xcassets */; };
		44C42F5B2C1CC80300754E3C /* SwiftUIAssignment.xcdatamodeld in Sources */ = {isa = PBXBuildFile; fileRef = 44C42F592C1CC80300754E3C /* SwiftUIAssignment.xcdatamodeld */; };
		44C42F642C1F860100754E3C /* HomeView.swift in Sources */ = {isa = PBXBuildFile; fileRef = 44C42F632C1F860100754E3C /* HomeView.swift */; };
		44C42F6C2C1F8DC200754E3C /* BookmarkViewModel.swift in Sources */ = {isa = PBXBuildFile; fileRef = 44C42F6B2C1F8DC200754E3C /* BookmarkViewModel.swift */; };
		44C42F6E2C1F8DDA00754E3C /* ImageDetailViewModel.swift in Sources */ = {isa = PBXBuildFile; fileRef = 44C42F6D2C1F8DDA00754E3C /* ImageDetailViewModel.swift */; };
		44C42F702C1F8DF400754E3C /* ImageSearchResultsViewModel.swift in Sources */ = {isa = PBXBuildFile; fileRef = 44C42F6F2C1F8DF400754E3C /* ImageSearchResultsViewModel.swift */; };
		44C42F742C1F8E1500754E3C /* VideoDetailViewModel.swift in Sources */ = {isa = PBXBuildFile; fileRef = 44C42F732C1F8E1500754E3C /* VideoDetailViewModel.swift */; };
		44C42F7A2C1FF73A00754E3C /* FAFileManager.swift in Sources */ = {isa = PBXBuildFile; fileRef = 44C42F792C1FF73A00754E3C /* FAFileManager.swift */; };
		44C42F842C2013FF00754E3C /* BookmarkView.swift in Sources */ = {isa = PBXBuildFile; fileRef = 44C42F832C2013FF00754E3C /* BookmarkView.swift */; };
		44E32F072C2132D500ABCCD6 /* FACacheManager.swift in Sources */ = {isa = PBXBuildFile; fileRef = 44E32F062C2132D500ABCCD6 /* FACacheManager.swift */; };
		44E32F402C23F95D00ABCCD6 /* HttpClient.swift in Sources */ = {isa = PBXBuildFile; fileRef = 44E32F3F2C23F95D00ABCCD6 /* HttpClient.swift */; };
		44E32F422C2408B500ABCCD6 /* ImageSearchViewModel.swift in Sources */ = {isa = PBXBuildFile; fileRef = 44E32F412C2408B500ABCCD6 /* ImageSearchViewModel.swift */; };
		44E32F462C2409E500ABCCD6 /* VideoSearchView.swift in Sources */ = {isa = PBXBuildFile; fileRef = 44E32F452C2409E500ABCCD6 /* VideoSearchView.swift */; };
		44E32F482C240A6B00ABCCD6 /* ImageDataModel.swift in Sources */ = {isa = PBXBuildFile; fileRef = 44E32F472C240A6B00ABCCD6 /* ImageDataModel.swift */; };
		44E32F502C248FF800ABCCD6 /* ImageDetailView.swift in Sources */ = {isa = PBXBuildFile; fileRef = 44E32F4F2C248FF800ABCCD6 /* ImageDetailView.swift */; };
		44E32F542C24913700ABCCD6 /* ImageSearchView.swift in Sources */ = {isa = PBXBuildFile; fileRef = 44E32F532C24913700ABCCD6 /* ImageSearchView.swift */; };
		44E32F562C24942D00ABCCD6 /* ImageSearchRequest.swift in Sources */ = {isa = PBXBuildFile; fileRef = 44E32F552C24942D00ABCCD6 /* ImageSearchRequest.swift */; };
		44E32F5E2C249B4B00ABCCD6 /* MediaBookmarkModel.swift in Sources */ = {isa = PBXBuildFile; fileRef = 44E32F5D2C249B4B00ABCCD6 /* MediaBookmarkModel.swift */; };
		44E32F642C2550B400ABCCD6 /* VideoDataModel.swift in Sources */ = {isa = PBXBuildFile; fileRef = 44E32F632C2550B400ABCCD6 /* VideoDataModel.swift */; };
		44E32F662C25510B00ABCCD6 /* VideoSearchRequest.swift in Sources */ = {isa = PBXBuildFile; fileRef = 44E32F652C25510B00ABCCD6 /* VideoSearchRequest.swift */; };
		44E32F682C25515C00ABCCD6 /* VideoSearchViewModel.swift in Sources */ = {isa = PBXBuildFile; fileRef = 44E32F672C25515C00ABCCD6 /* VideoSearchViewModel.swift */; };
		44E32F6A2C2551BA00ABCCD6 /* VideoDetailView.swift in Sources */ = {isa = PBXBuildFile; fileRef = 44E32F692C2551BA00ABCCD6 /* VideoDetailView.swift */; };
		44E32F6E2C2552EE00ABCCD6 /* VideoSearchResultsView.swift in Sources */ = {isa = PBXBuildFile; fileRef = 44E32F6D2C2552EE00ABCCD6 /* VideoSearchResultsView.swift */; };
		44E32F702C25534000ABCCD6 /* ImageSearchResultsView.swift in Sources */ = {isa = PBXBuildFile; fileRef = 44E32F6F2C25534000ABCCD6 /* ImageSearchResultsView.swift */; };
		44E32F722C25546000ABCCD6 /* VideoSearchResultsViewModel.swift in Sources */ = {isa = PBXBuildFile; fileRef = 44E32F712C25546000ABCCD6 /* VideoSearchResultsViewModel.swift */; };
		44E32F742C28ABCD00ABCCD6 /* DBManager.swift in Sources */ = {isa = PBXBuildFile; fileRef = 44E32F732C28ABCD00ABCCD6 /* DBManager.swift */; };
		44E32F812C28EA7800ABCCD6 /* Images+CoreDataClass.swift in Sources */ = {isa = PBXBuildFile; fileRef = 44E32F7D2C28EA7800ABCCD6 /* Images+CoreDataClass.swift */; };
		44E32F822C28EA7800ABCCD6 /* Images+CoreDataProperties.swift in Sources */ = {isa = PBXBuildFile; fileRef = 44E32F7E2C28EA7800ABCCD6 /* Images+CoreDataProperties.swift */; };
		44E32F832C28EA7800ABCCD6 /* Videos+CoreDataClass.swift in Sources */ = {isa = PBXBuildFile; fileRef = 44E32F7F2C28EA7800ABCCD6 /* Videos+CoreDataClass.swift */; };
		44E32F842C28EA7800ABCCD6 /* Videos+CoreDataProperties.swift in Sources */ = {isa = PBXBuildFile; fileRef = 44E32F802C28EA7800ABCCD6 /* Videos+CoreDataProperties.swift */; };
		44E32F882C28F2CC00ABCCD6 /* BookmarkDetailView.swift in Sources */ = {isa = PBXBuildFile; fileRef = 44E32F872C28F2CC00ABCCD6 /* BookmarkDetailView.swift */; };
		44E32F8C2C29303000ABCCD6 /* PersistenceController.swift in Sources */ = {isa = PBXBuildFile; fileRef = 44E32F8B2C29303000ABCCD6 /* PersistenceController.swift */; };
/* End PBXBuildFile section */

/* Begin PBXFileReference section */
		44C42F4B2C1CC7FF00754E3C /* SwiftUIAssignment.app */ = {isa = PBXFileReference; explicitFileType = wrapper.application; includeInIndex = 0; path = SwiftUIAssignment.app; sourceTree = BUILT_PRODUCTS_DIR; };
		44C42F4E2C1CC7FF00754E3C /* SwiftUIAssignmentApp.swift */ = {isa = PBXFileReference; lastKnownFileType = sourcecode.swift; path = SwiftUIAssignmentApp.swift; sourceTree = "<group>"; };
		44C42F522C1CC80300754E3C /* Assets.xcassets */ = {isa = PBXFileReference; lastKnownFileType = folder.assetcatalog; path = Assets.xcassets; sourceTree = "<group>"; };
		44C42F552C1CC80300754E3C /* Preview Assets.xcassets */ = {isa = PBXFileReference; lastKnownFileType = folder.assetcatalog; path = "Preview Assets.xcassets"; sourceTree = "<group>"; };
		44C42F5A2C1CC80300754E3C /* SwiftUIAssignment.xcdatamodel */ = {isa = PBXFileReference; lastKnownFileType = wrapper.xcdatamodel; path = SwiftUIAssignment.xcdatamodel; sourceTree = "<group>"; };
		44C42F632C1F860100754E3C /* HomeView.swift */ = {isa = PBXFileReference; lastKnownFileType = sourcecode.swift; path = HomeView.swift; sourceTree = "<group>"; };
		44C42F6B2C1F8DC200754E3C /* BookmarkViewModel.swift */ = {isa = PBXFileReference; lastKnownFileType = sourcecode.swift; path = BookmarkViewModel.swift; sourceTree = "<group>"; };
		44C42F6D2C1F8DDA00754E3C /* ImageDetailViewModel.swift */ = {isa = PBXFileReference; lastKnownFileType = sourcecode.swift; path = ImageDetailViewModel.swift; sourceTree = "<group>"; };
		44C42F6F2C1F8DF400754E3C /* ImageSearchResultsViewModel.swift */ = {isa = PBXFileReference; lastKnownFileType = sourcecode.swift; path = ImageSearchResultsViewModel.swift; sourceTree = "<group>"; };
		44C42F732C1F8E1500754E3C /* VideoDetailViewModel.swift */ = {isa = PBXFileReference; lastKnownFileType = sourcecode.swift; path = VideoDetailViewModel.swift; sourceTree = "<group>"; };
		44C42F792C1FF73A00754E3C /* FAFileManager.swift */ = {isa = PBXFileReference; lastKnownFileType = sourcecode.swift; path = FAFileManager.swift; sourceTree = "<group>"; };
		44C42F832C2013FF00754E3C /* BookmarkView.swift */ = {isa = PBXFileReference; lastKnownFileType = sourcecode.swift; path = BookmarkView.swift; sourceTree = "<group>"; };
		44E32F062C2132D500ABCCD6 /* FACacheManager.swift */ = {isa = PBXFileReference; lastKnownFileType = sourcecode.swift; path = FACacheManager.swift; sourceTree = "<group>"; };
		44E32F3F2C23F95D00ABCCD6 /* HttpClient.swift */ = {isa = PBXFileReference; lastKnownFileType = sourcecode.swift; path = HttpClient.swift; sourceTree = "<group>"; };
		44E32F412C2408B500ABCCD6 /* ImageSearchViewModel.swift */ = {isa = PBXFileReference; lastKnownFileType = sourcecode.swift; path = ImageSearchViewModel.swift; sourceTree = "<group>"; };
		44E32F452C2409E500ABCCD6 /* VideoSearchView.swift */ = {isa = PBXFileReference; lastKnownFileType = sourcecode.swift; path = VideoSearchView.swift; sourceTree = "<group>"; };
		44E32F472C240A6B00ABCCD6 /* ImageDataModel.swift */ = {isa = PBXFileReference; lastKnownFileType = sourcecode.swift; path = ImageDataModel.swift; sourceTree = "<group>"; };
		44E32F4F2C248FF800ABCCD6 /* ImageDetailView.swift */ = {isa = PBXFileReference; lastKnownFileType = sourcecode.swift; path = ImageDetailView.swift; sourceTree = "<group>"; };
		44E32F532C24913700ABCCD6 /* ImageSearchView.swift */ = {isa = PBXFileReference; lastKnownFileType = sourcecode.swift; path = ImageSearchView.swift; sourceTree = "<group>"; };
		44E32F552C24942D00ABCCD6 /* ImageSearchRequest.swift */ = {isa = PBXFileReference; lastKnownFileType = sourcecode.swift; path = ImageSearchRequest.swift; sourceTree = "<group>"; };
		44E32F5D2C249B4B00ABCCD6 /* MediaBookmarkModel.swift */ = {isa = PBXFileReference; lastKnownFileType = sourcecode.swift; path = MediaBookmarkModel.swift; sourceTree = "<group>"; };
		44E32F632C2550B400ABCCD6 /* VideoDataModel.swift */ = {isa = PBXFileReference; lastKnownFileType = sourcecode.swift; path = VideoDataModel.swift; sourceTree = "<group>"; };
		44E32F652C25510B00ABCCD6 /* VideoSearchRequest.swift */ = {isa = PBXFileReference; lastKnownFileType = sourcecode.swift; path = VideoSearchRequest.swift; sourceTree = "<group>"; };
		44E32F672C25515C00ABCCD6 /* VideoSearchViewModel.swift */ = {isa = PBXFileReference; lastKnownFileType = sourcecode.swift; path = VideoSearchViewModel.swift; sourceTree = "<group>"; };
		44E32F692C2551BA00ABCCD6 /* VideoDetailView.swift */ = {isa = PBXFileReference; lastKnownFileType = sourcecode.swift; path = VideoDetailView.swift; sourceTree = "<group>"; };
		44E32F6D2C2552EE00ABCCD6 /* VideoSearchResultsView.swift */ = {isa = PBXFileReference; lastKnownFileType = sourcecode.swift; path = VideoSearchResultsView.swift; sourceTree = "<group>"; };
		44E32F6F2C25534000ABCCD6 /* ImageSearchResultsView.swift */ = {isa = PBXFileReference; lastKnownFileType = sourcecode.swift; path = ImageSearchResultsView.swift; sourceTree = "<group>"; };
		44E32F712C25546000ABCCD6 /* VideoSearchResultsViewModel.swift */ = {isa = PBXFileReference; lastKnownFileType = sourcecode.swift; path = VideoSearchResultsViewModel.swift; sourceTree = "<group>"; };
		44E32F732C28ABCD00ABCCD6 /* DBManager.swift */ = {isa = PBXFileReference; lastKnownFileType = sourcecode.swift; path = DBManager.swift; sourceTree = "<group>"; };
		44E32F7D2C28EA7800ABCCD6 /* Images+CoreDataClass.swift */ = {isa = PBXFileReference; lastKnownFileType = sourcecode.swift; path = "Images+CoreDataClass.swift"; sourceTree = "<group>"; };
		44E32F7E2C28EA7800ABCCD6 /* Images+CoreDataProperties.swift */ = {isa = PBXFileReference; lastKnownFileType = sourcecode.swift; path = "Images+CoreDataProperties.swift"; sourceTree = "<group>"; };
		44E32F7F2C28EA7800ABCCD6 /* Videos+CoreDataClass.swift */ = {isa = PBXFileReference; lastKnownFileType = sourcecode.swift; path = "Videos+CoreDataClass.swift"; sourceTree = "<group>"; };
		44E32F802C28EA7800ABCCD6 /* Videos+CoreDataProperties.swift */ = {isa = PBXFileReference; lastKnownFileType = sourcecode.swift; path = "Videos+CoreDataProperties.swift"; sourceTree = "<group>"; };
		44E32F872C28F2CC00ABCCD6 /* BookmarkDetailView.swift */ = {isa = PBXFileReference; lastKnownFileType = sourcecode.swift; path = BookmarkDetailView.swift; sourceTree = "<group>"; };
		44E32F8B2C29303000ABCCD6 /* PersistenceController.swift */ = {isa = PBXFileReference; lastKnownFileType = sourcecode.swift; name = PersistenceController.swift; path = ../PersistenceController.swift; sourceTree = "<group>"; };
/* End PBXFileReference section */

/* Begin PBXFrameworksBuildPhase section */
		44C42F482C1CC7FF00754E3C /* Frameworks */ = {
			isa = PBXFrameworksBuildPhase;
			buildActionMask = 2147483647;
			files = (
			);
			runOnlyForDeploymentPostprocessing = 0;
		};
/* End PBXFrameworksBuildPhase section */

/* Begin PBXGroup section */
		44C42F422C1CC7FF00754E3C = {
			isa = PBXGroup;
			children = (
				44C42F4D2C1CC7FF00754E3C /* SwiftUIAssignment */,
				44C42F4C2C1CC7FF00754E3C /* Products */,
			);
			sourceTree = "<group>";
		};
		44C42F4C2C1CC7FF00754E3C /* Products */ = {
			isa = PBXGroup;
			children = (
				44C42F4B2C1CC7FF00754E3C /* SwiftUIAssignment.app */,
			);
			name = Products;
			sourceTree = "<group>";
		};
		44C42F4D2C1CC7FF00754E3C /* SwiftUIAssignment */ = {
			isa = PBXGroup;
			children = (
				44E32F7D2C28EA7800ABCCD6 /* Images+CoreDataClass.swift */,
				44E32F7E2C28EA7800ABCCD6 /* Images+CoreDataProperties.swift */,
				44E32F7F2C28EA7800ABCCD6 /* Videos+CoreDataClass.swift */,
				44E32F802C28EA7800ABCCD6 /* Videos+CoreDataProperties.swift */,
				44C42F592C1CC80300754E3C /* SwiftUIAssignment.xcdatamodeld */,
				44C42F542C1CC80300754E3C /* Preview Content */,
				44C42F4E2C1CC7FF00754E3C /* SwiftUIAssignmentApp.swift */,
				44E32F8B2C29303000ABCCD6 /* PersistenceController.swift */,
				44C42F522C1CC80300754E3C /* Assets.xcassets */,
				44C42F672C1F8A5500754E3C /* Models */,
				44C42F682C1F8CDA00754E3C /* Managers */,
				44C42F652C1F8A2B00754E3C /* Views */,
				44C42F662C1F8A2B00754E3C /* ViewModels */,
			);
			path = SwiftUIAssignment;
			sourceTree = "<group>";
		};
		44C42F542C1CC80300754E3C /* Preview Content */ = {
			isa = PBXGroup;
			children = (
				44C42F552C1CC80300754E3C /* Preview Assets.xcassets */,
			);
			path = "Preview Content";
			sourceTree = "<group>";
		};
		44C42F652C1F8A2B00754E3C /* Views */ = {
			isa = PBXGroup;
			children = (
				44C42F632C1F860100754E3C /* HomeView.swift */,
				44E32F532C24913700ABCCD6 /* ImageSearchView.swift */,
				44E32F6F2C25534000ABCCD6 /* ImageSearchResultsView.swift */,
				44E32F4F2C248FF800ABCCD6 /* ImageDetailView.swift */,
				44E32F452C2409E500ABCCD6 /* VideoSearchView.swift */,
				44E32F6D2C2552EE00ABCCD6 /* VideoSearchResultsView.swift */,
				44E32F692C2551BA00ABCCD6 /* VideoDetailView.swift */,
				44C42F832C2013FF00754E3C /* BookmarkView.swift */,
				44E32F872C28F2CC00ABCCD6 /* BookmarkDetailView.swift */,
			);
			path = Views;
			sourceTree = "<group>";
		};
		44C42F662C1F8A2B00754E3C /* ViewModels */ = {
			isa = PBXGroup;
			children = (
				44E32F412C2408B500ABCCD6 /* ImageSearchViewModel.swift */,
				44C42F6F2C1F8DF400754E3C /* ImageSearchResultsViewModel.swift */,
				44C42F6D2C1F8DDA00754E3C /* ImageDetailViewModel.swift */,
				44E32F672C25515C00ABCCD6 /* VideoSearchViewModel.swift */,
				44E32F712C25546000ABCCD6 /* VideoSearchResultsViewModel.swift */,
				44C42F732C1F8E1500754E3C /* VideoDetailViewModel.swift */,
				44C42F6B2C1F8DC200754E3C /* BookmarkViewModel.swift */,
			);
			path = ViewModels;
			sourceTree = "<group>";
		};
		44C42F672C1F8A5500754E3C /* Models */ = {
			isa = PBXGroup;
			children = (
				44E32F472C240A6B00ABCCD6 /* ImageDataModel.swift */,
				44E32F5D2C249B4B00ABCCD6 /* MediaBookmarkModel.swift */,
				44E32F632C2550B400ABCCD6 /* VideoDataModel.swift */,
			);
			path = Models;
			sourceTree = "<group>";
		};
		44C42F682C1F8CDA00754E3C /* Managers */ = {
			isa = PBXGroup;
			children = (
				44C42F792C1FF73A00754E3C /* FAFileManager.swift */,
				44E32F062C2132D500ABCCD6 /* FACacheManager.swift */,
				44E32F3F2C23F95D00ABCCD6 /* HttpClient.swift */,
				44E32F552C24942D00ABCCD6 /* ImageSearchRequest.swift */,
				44E32F652C25510B00ABCCD6 /* VideoSearchRequest.swift */,
				44E32F732C28ABCD00ABCCD6 /* DBManager.swift */,
			);
			path = Managers;
			sourceTree = "<group>";
		};
/* End PBXGroup section */

/* Begin PBXNativeTarget section */
		44C42F4A2C1CC7FF00754E3C /* SwiftUIAssignment */ = {
			isa = PBXNativeTarget;
			buildConfigurationList = 44C42F5E2C1CC80300754E3C /* Build configuration list for PBXNativeTarget "SwiftUIAssignment" */;
			buildPhases = (
				44C42F472C1CC7FF00754E3C /* Sources */,
				44C42F482C1CC7FF00754E3C /* Frameworks */,
				44C42F492C1CC7FF00754E3C /* Resources */,
			);
			buildRules = (
			);
			dependencies = (
			);
			name = SwiftUIAssignment;
			productName = SwiftUIAssignment;
			productReference = 44C42F4B2C1CC7FF00754E3C /* SwiftUIAssignment.app */;
			productType = "com.apple.product-type.application";
		};
/* End PBXNativeTarget section */

/* Begin PBXProject section */
		44C42F432C1CC7FF00754E3C /* Project object */ = {
			isa = PBXProject;
			attributes = {
				BuildIndependentTargetsInParallel = 1;
				LastSwiftUpdateCheck = 1540;
				LastUpgradeCheck = 1540;
				TargetAttributes = {
					44C42F4A2C1CC7FF00754E3C = {
						CreatedOnToolsVersion = 15.4;
					};
				};
			};
			buildConfigurationList = 44C42F462C1CC7FF00754E3C /* Build configuration list for PBXProject "SwiftUIAssignment" */;
			compatibilityVersion = "Xcode 14.0";
			developmentRegion = en;
			hasScannedForEncodings = 0;
			knownRegions = (
				en,
				Base,
			);
			mainGroup = 44C42F422C1CC7FF00754E3C;
			productRefGroup = 44C42F4C2C1CC7FF00754E3C /* Products */;
			projectDirPath = "";
			projectRoot = "";
			targets = (
				44C42F4A2C1CC7FF00754E3C /* SwiftUIAssignment */,
			);
		};
/* End PBXProject section */

/* Begin PBXResourcesBuildPhase section */
		44C42F492C1CC7FF00754E3C /* Resources */ = {
			isa = PBXResourcesBuildPhase;
			buildActionMask = 2147483647;
			files = (
				44C42F562C1CC80300754E3C /* Preview Assets.xcassets in Resources */,
				44C42F532C1CC80300754E3C /* Assets.xcassets in Resources */,
			);
			runOnlyForDeploymentPostprocessing = 0;
		};
/* End PBXResourcesBuildPhase section */

/* Begin PBXSourcesBuildPhase section */
		44C42F472C1CC7FF00754E3C /* Sources */ = {
			isa = PBXSourcesBuildPhase;
			buildActionMask = 2147483647;
			files = (
				44C42F742C1F8E1500754E3C /* VideoDetailViewModel.swift in Sources */,
				44C42F6C2C1F8DC200754E3C /* BookmarkViewModel.swift in Sources */,
				44C42F702C1F8DF400754E3C /* ImageSearchResultsViewModel.swift in Sources */,
				44C42F6E2C1F8DDA00754E3C /* ImageDetailViewModel.swift in Sources */,
				44E32F502C248FF800ABCCD6 /* ImageDetailView.swift in Sources */,
				44E32F482C240A6B00ABCCD6 /* ImageDataModel.swift in Sources */,
				44E32F882C28F2CC00ABCCD6 /* BookmarkDetailView.swift in Sources */,
				44E32F402C23F95D00ABCCD6 /* HttpClient.swift in Sources */,
				44E32F072C2132D500ABCCD6 /* FACacheManager.swift in Sources */,
				44E32F812C28EA7800ABCCD6 /* Images+CoreDataClass.swift in Sources */,
				44E32F822C28EA7800ABCCD6 /* Images+CoreDataProperties.swift in Sources */,
				44E32F832C28EA7800ABCCD6 /* Videos+CoreDataClass.swift in Sources */,
				44E32F842C28EA7800ABCCD6 /* Videos+CoreDataProperties.swift in Sources */,
				44C42F7A2C1FF73A00754E3C /* FAFileManager.swift in Sources */,
				44E32F422C2408B500ABCCD6 /* ImageSearchViewModel.swift in Sources */,
				44E32F8C2C29303000ABCCD6 /* PersistenceController.swift in Sources */,
				44E32F462C2409E500ABCCD6 /* VideoSearchView.swift in Sources */,
				44C42F5B2C1CC80300754E3C /* SwiftUIAssignment.xcdatamodeld in Sources */,
				44E32F702C25534000ABCCD6 /* ImageSearchResultsView.swift in Sources */,
				44E32F6E2C2552EE00ABCCD6 /* VideoSearchResultsView.swift in Sources */,
				44C42F642C1F860100754E3C /* HomeView.swift in Sources */,
				44C42F842C2013FF00754E3C /* BookmarkView.swift in Sources */,
				44E32F642C2550B400ABCCD6 /* VideoDataModel.swift in Sources */,
				44E32F6A2C2551BA00ABCCD6 /* VideoDetailView.swift in Sources */,
				44E32F722C25546000ABCCD6 /* VideoSearchResultsViewModel.swift in Sources */,
				44E32F562C24942D00ABCCD6 /* ImageSearchRequest.swift in Sources */,
				44E32F682C25515C00ABCCD6 /* VideoSearchViewModel.swift in Sources */,
				44C42F4F2C1CC7FF00754E3C /* SwiftUIAssignmentApp.swift in Sources */,
				44E32F5E2C249B4B00ABCCD6 /* MediaBookmarkModel.swift in Sources */,
				44E32F742C28ABCD00ABCCD6 /* DBManager.swift in Sources */,
				44E32F662C25510B00ABCCD6 /* VideoSearchRequest.swift in Sources */,
				44E32F542C24913700ABCCD6 /* ImageSearchView.swift in Sources */,
			);
			runOnlyForDeploymentPostprocessing = 0;
		};
/* End PBXSourcesBuildPhase section */

/* Begin XCBuildConfiguration section */
		44C42F5C2C1CC80300754E3C /* Debug */ = {
			isa = XCBuildConfiguration;
			buildSettings = {
				ALWAYS_SEARCH_USER_PATHS = NO;
				ASSETCATALOG_COMPILER_GENERATE_SWIFT_ASSET_SYMBOL_EXTENSIONS = YES;
				CLANG_ANALYZER_NONNULL = YES;
				CLANG_ANALYZER_NUMBER_OBJECT_CONVERSION = YES_AGGRESSIVE;
				CLANG_CXX_LANGUAGE_STANDARD = "gnu++20";
				CLANG_ENABLE_MODULES = YES;
				CLANG_ENABLE_OBJC_ARC = YES;
				CLANG_ENABLE_OBJC_WEAK = YES;
				CLANG_WARN_BLOCK_CAPTURE_AUTORELEASING = YES;
				CLANG_WARN_BOOL_CONVERSION = YES;
				CLANG_WARN_COMMA = YES;
				CLANG_WARN_CONSTANT_CONVERSION = YES;
				CLANG_WARN_DEPRECATED_OBJC_IMPLEMENTATIONS = YES;
				CLANG_WARN_DIRECT_OBJC_ISA_USAGE = YES_ERROR;
				CLANG_WARN_DOCUMENTATION_COMMENTS = YES;
				CLANG_WARN_EMPTY_BODY = YES;
				CLANG_WARN_ENUM_CONVERSION = YES;
				CLANG_WARN_INFINITE_RECURSION = YES;
				CLANG_WARN_INT_CONVERSION = YES;
				CLANG_WARN_NON_LITERAL_NULL_CONVERSION = YES;
				CLANG_WARN_OBJC_IMPLICIT_RETAIN_SELF = YES;
				CLANG_WARN_OBJC_LITERAL_CONVERSION = YES;
				CLANG_WARN_OBJC_ROOT_CLASS = YES_ERROR;
				CLANG_WARN_QUOTED_INCLUDE_IN_FRAMEWORK_HEADER = YES;
				CLANG_WARN_RANGE_LOOP_ANALYSIS = YES;
				CLANG_WARN_STRICT_PROTOTYPES = YES;
				CLANG_WARN_SUSPICIOUS_MOVE = YES;
				CLANG_WARN_UNGUARDED_AVAILABILITY = YES_AGGRESSIVE;
				CLANG_WARN_UNREACHABLE_CODE = YES;
				CLANG_WARN__DUPLICATE_METHOD_MATCH = YES;
				COPY_PHASE_STRIP = NO;
				DEBUG_INFORMATION_FORMAT = dwarf;
				ENABLE_STRICT_OBJC_MSGSEND = YES;
				ENABLE_TESTABILITY = YES;
				ENABLE_USER_SCRIPT_SANDBOXING = YES;
				GCC_C_LANGUAGE_STANDARD = gnu17;
				GCC_DYNAMIC_NO_PIC = NO;
				GCC_NO_COMMON_BLOCKS = YES;
				GCC_OPTIMIZATION_LEVEL = 0;
				GCC_PREPROCESSOR_DEFINITIONS = (
					"DEBUG=1",
					"$(inherited)",
				);
				GCC_WARN_64_TO_32_BIT_CONVERSION = YES;
				GCC_WARN_ABOUT_RETURN_TYPE = YES_ERROR;
				GCC_WARN_UNDECLARED_SELECTOR = YES;
				GCC_WARN_UNINITIALIZED_AUTOS = YES_AGGRESSIVE;
				GCC_WARN_UNUSED_FUNCTION = YES;
				GCC_WARN_UNUSED_VARIABLE = YES;
				IPHONEOS_DEPLOYMENT_TARGET = 17.5;
				LOCALIZATION_PREFERS_STRING_CATALOGS = YES;
				MTL_ENABLE_DEBUG_INFO = INCLUDE_SOURCE;
				MTL_FAST_MATH = YES;
				ONLY_ACTIVE_ARCH = YES;
				SDKROOT = iphoneos;
				SWIFT_ACTIVE_COMPILATION_CONDITIONS = "DEBUG $(inherited)";
				SWIFT_OPTIMIZATION_LEVEL = "-Onone";
			};
			name = Debug;
		};
		44C42F5D2C1CC80300754E3C /* Release */ = {
			isa = XCBuildConfiguration;
			buildSettings = {
				ALWAYS_SEARCH_USER_PATHS = NO;
				ASSETCATALOG_COMPILER_GENERATE_SWIFT_ASSET_SYMBOL_EXTENSIONS = YES;
				CLANG_ANALYZER_NONNULL = YES;
				CLANG_ANALYZER_NUMBER_OBJECT_CONVERSION = YES_AGGRESSIVE;
				CLANG_CXX_LANGUAGE_STANDARD = "gnu++20";
				CLANG_ENABLE_MODULES = YES;
				CLANG_ENABLE_OBJC_ARC = YES;
				CLANG_ENABLE_OBJC_WEAK = YES;
				CLANG_WARN_BLOCK_CAPTURE_AUTORELEASING = YES;
				CLANG_WARN_BOOL_CONVERSION = YES;
				CLANG_WARN_COMMA = YES;
				CLANG_WARN_CONSTANT_CONVERSION = YES;
				CLANG_WARN_DEPRECATED_OBJC_IMPLEMENTATIONS = YES;
				CLANG_WARN_DIRECT_OBJC_ISA_USAGE = YES_ERROR;
				CLANG_WARN_DOCUMENTATION_COMMENTS = YES;
				CLANG_WARN_EMPTY_BODY = YES;
				CLANG_WARN_ENUM_CONVERSION = YES;
				CLANG_WARN_INFINITE_RECURSION = YES;
				CLANG_WARN_INT_CONVERSION = YES;
				CLANG_WARN_NON_LITERAL_NULL_CONVERSION = YES;
				CLANG_WARN_OBJC_IMPLICIT_RETAIN_SELF = YES;
				CLANG_WARN_OBJC_LITERAL_CONVERSION = YES;
				CLANG_WARN_OBJC_ROOT_CLASS = YES_ERROR;
				CLANG_WARN_QUOTED_INCLUDE_IN_FRAMEWORK_HEADER = YES;
				CLANG_WARN_RANGE_LOOP_ANALYSIS = YES;
				CLANG_WARN_STRICT_PROTOTYPES = YES;
				CLANG_WARN_SUSPICIOUS_MOVE = YES;
				CLANG_WARN_UNGUARDED_AVAILABILITY = YES_AGGRESSIVE;
				CLANG_WARN_UNREACHABLE_CODE = YES;
				CLANG_WARN__DUPLICATE_METHOD_MATCH = YES;
				COPY_PHASE_STRIP = NO;
				DEBUG_INFORMATION_FORMAT = "dwarf-with-dsym";
				ENABLE_NS_ASSERTIONS = NO;
				ENABLE_STRICT_OBJC_MSGSEND = YES;
				ENABLE_USER_SCRIPT_SANDBOXING = YES;
				GCC_C_LANGUAGE_STANDARD = gnu17;
				GCC_NO_COMMON_BLOCKS = YES;
				GCC_WARN_64_TO_32_BIT_CONVERSION = YES;
				GCC_WARN_ABOUT_RETURN_TYPE = YES_ERROR;
				GCC_WARN_UNDECLARED_SELECTOR = YES;
				GCC_WARN_UNINITIALIZED_AUTOS = YES_AGGRESSIVE;
				GCC_WARN_UNUSED_FUNCTION = YES;
				GCC_WARN_UNUSED_VARIABLE = YES;
				IPHONEOS_DEPLOYMENT_TARGET = 17.5;
				LOCALIZATION_PREFERS_STRING_CATALOGS = YES;
				MTL_ENABLE_DEBUG_INFO = NO;
				MTL_FAST_MATH = YES;
				SDKROOT = iphoneos;
				SWIFT_COMPILATION_MODE = wholemodule;
				VALIDATE_PRODUCT = YES;
			};
			name = Release;
		};
		44C42F5F2C1CC80300754E3C /* Debug */ = {
			isa = XCBuildConfiguration;
			buildSettings = {
				ASSETCATALOG_COMPILER_APPICON_NAME = AppIcon;
				ASSETCATALOG_COMPILER_GLOBAL_ACCENT_COLOR_NAME = AccentColor;
				CODE_SIGN_STYLE = Automatic;
				CURRENT_PROJECT_VERSION = 1;
				DEVELOPMENT_ASSET_PATHS = "\"SwiftUIAssignment/Preview Content\"";
				DEVELOPMENT_TEAM = 4968R3GVM5;
				ENABLE_PREVIEWS = YES;
				GENERATE_INFOPLIST_FILE = YES;
				INFOPLIST_KEY_UIApplicationSceneManifest_Generation = YES;
				INFOPLIST_KEY_UIApplicationSupportsIndirectInputEvents = YES;
				INFOPLIST_KEY_UILaunchScreen_Generation = YES;
				INFOPLIST_KEY_UISupportedInterfaceOrientations_iPad = "UIInterfaceOrientationPortrait UIInterfaceOrientationPortraitUpsideDown UIInterfaceOrientationLandscapeLeft UIInterfaceOrientationLandscapeRight";
				INFOPLIST_KEY_UISupportedInterfaceOrientations_iPhone = "UIInterfaceOrientationPortrait UIInterfaceOrientationLandscapeLeft UIInterfaceOrientationLandscapeRight";
				LD_RUNPATH_SEARCH_PATHS = (
					"$(inherited)",
					"@executable_path/Frameworks",
				);
				MARKETING_VERSION = 1.0;
				PRODUCT_BUNDLE_IDENTIFIER = com.organizationname.SwiftUIAssignment;
				PRODUCT_NAME = "$(TARGET_NAME)";
				SWIFT_EMIT_LOC_STRINGS = YES;
				SWIFT_VERSION = 5.0;
				TARGETED_DEVICE_FAMILY = "1,2";
			};
			name = Debug;
		};
		44C42F602C1CC80300754E3C /* Release */ = {
			isa = XCBuildConfiguration;
			buildSettings = {
				ASSETCATALOG_COMPILER_APPICON_NAME = AppIcon;
				ASSETCATALOG_COMPILER_GLOBAL_ACCENT_COLOR_NAME = AccentColor;
				CODE_SIGN_STYLE = Automatic;
				CURRENT_PROJECT_VERSION = 1;
				DEVELOPMENT_ASSET_PATHS = "\"SwiftUIAssignment/Preview Content\"";
				DEVELOPMENT_TEAM = 4968R3GVM5;
				ENABLE_PREVIEWS = YES;
				GENERATE_INFOPLIST_FILE = YES;
				INFOPLIST_KEY_UIApplicationSceneManifest_Generation = YES;
				INFOPLIST_KEY_UIApplicationSupportsIndirectInputEvents = YES;
				INFOPLIST_KEY_UILaunchScreen_Generation = YES;
				INFOPLIST_KEY_UISupportedInterfaceOrientations_iPad = "UIInterfaceOrientationPortrait UIInterfaceOrientationPortraitUpsideDown UIInterfaceOrientationLandscapeLeft UIInterfaceOrientationLandscapeRight";
				INFOPLIST_KEY_UISupportedInterfaceOrientations_iPhone = "UIInterfaceOrientationPortrait UIInterfaceOrientationLandscapeLeft UIInterfaceOrientationLandscapeRight";
				LD_RUNPATH_SEARCH_PATHS = (
					"$(inherited)",
					"@executable_path/Frameworks",
				);
				MARKETING_VERSION = 1.0;
				PRODUCT_BUNDLE_IDENTIFIER = com.organizationname.SwiftUIAssignment;
				PRODUCT_NAME = "$(TARGET_NAME)";
				SWIFT_EMIT_LOC_STRINGS = YES;
				SWIFT_VERSION = 5.0;
				TARGETED_DEVICE_FAMILY = "1,2";
			};
			name = Release;
		};
/* End XCBuildConfiguration section */

/* Begin XCConfigurationList section */
		44C42F462C1CC7FF00754E3C /* Build configuration list for PBXProject "SwiftUIAssignment" */ = {
			isa = XCConfigurationList;
			buildConfigurations = (
				44C42F5C2C1CC80300754E3C /* Debug */,
				44C42F5D2C1CC80300754E3C /* Release */,
			);
			defaultConfigurationIsVisible = 0;
			defaultConfigurationName = Release;
		};
		44C42F5E2C1CC80300754E3C /* Build configuration list for PBXNativeTarget "SwiftUIAssignment" */ = {
			isa = XCConfigurationList;
			buildConfigurations = (
				44C42F5F2C1CC80300754E3C /* Debug */,
				44C42F602C1CC80300754E3C /* Release */,
			);
			defaultConfigurationIsVisible = 0;
			defaultConfigurationName = Release;
		};
/* End XCConfigurationList section */

/* Begin XCVersionGroup section */
		44C42F592C1CC80300754E3C /* SwiftUIAssignment.xcdatamodeld */ = {
			isa = XCVersionGroup;
			children = (
				44C42F5A2C1CC80300754E3C /* SwiftUIAssignment.xcdatamodel */,
			);
			currentVersion = 44C42F5A2C1CC80300754E3C /* SwiftUIAssignment.xcdatamodel */;
			path = SwiftUIAssignment.xcdatamodeld;
			sourceTree = "<group>";
			versionGroupType = wrapper.xcdatamodel;
		};
/* End XCVersionGroup section */
	};
	rootObject = 44C42F432C1CC7FF00754E3C /* Project object */;
}
